
Microsoft Visual Studio Solution File, Format Version 12.00
Project("{FAE04EC0-301F-11D3-BF4B-00C04F79EFBC}") = "WhatHappen.Core", "WhatHappen.Core\WhatHappen.Core.csproj", "{A2B077E0-9685-4125-9898-62672AF17721}"
EndProject
Project("{FAE04EC0-301F-11D3-BF4B-00C04F79EFBC}") = "WhatHappen.TargetApp", "WhatHappen.TargetApp\WhatHappen.TargetApp.csproj", "{964833D9-EF93-4028-B7BB-3AAC94B64070}"
EndProject
Project("{FAE04EC0-301F-11D3-BF4B-00C04F79EFBC}") = "WhatHappen.OtherService", "WhatHappen.OtherService\WhatHappen.OtherService.csproj", "{A1634C0C-AD08-4BC2-9FAE-E7FB95F590FF}"
EndProject
Project("{FAE04EC0-301F-11D3-BF4B-00C04F79EFBC}") = "WhatHappen.Generators", "WhatHappen.Generators\WhatHappen.Generators\WhatHappen.Generators.csproj", "{AB46C28B-2CAD-42F6-9425-653EBE78ACEE}"
EndProject
Project("{FAE04EC0-301F-11D3-BF4B-00C04F79EFBC}") = "WhatHappen.Generators.Sample", "WhatHappen.Generators\WhatHappen.Generators.Sample\WhatHappen.Generators.Sample.csproj", "{C57AA3D9-143C-4A30-A3C8-DD900BCAADA7}"
EndProject
Project("{FAE04EC0-301F-11D3-BF4B-00C04F79EFBC}") = "WhatHappen.Generators.Tests", "WhatHappen.Generators\WhatHappen.Generators.Tests\WhatHappen.Generators.Tests.csproj", "{0B07A5D3-CC21-482D-8E1F-A8FC2DDB1E08}"
EndProject
Global
	GlobalSection(SolutionConfigurationPlatforms) = preSolution
		Debug|Any CPU = Debug|Any CPU
		Release|Any CPU = Release|Any CPU
	EndGlobalSection
	GlobalSection(ProjectConfigurationPlatforms) = postSolution
		{A2B077E0-9685-4125-9898-62672AF17721}.Debug|Any CPU.ActiveCfg = Debug|Any CPU
		{A2B077E0-9685-4125-9898-62672AF17721}.Debug|Any CPU.Build.0 = Debug|Any CPU
		{A2B077E0-9685-4125-9898-62672AF17721}.Release|Any CPU.ActiveCfg = Release|Any CPU
		{A2B077E0-9685-4125-9898-62672AF17721}.Release|Any CPU.Build.0 = Release|Any CPU
		{964833D9-EF93-4028-B7BB-3AAC94B64070}.Debug|Any CPU.ActiveCfg = Debug|Any CPU
		{964833D9-EF93-4028-B7BB-3AAC94B64070}.Debug|Any CPU.Build.0 = Debug|Any CPU
		{964833D9-EF93-4028-B7BB-3AAC94B64070}.Release|Any CPU.ActiveCfg = Release|Any CPU
		{964833D9-EF93-4028-B7BB-3AAC94B64070}.Release|Any CPU.Build.0 = Release|Any CPU
		{A1634C0C-AD08-4BC2-9FAE-E7FB95F590FF}.Debug|Any CPU.ActiveCfg = Debug|Any CPU
		{A1634C0C-AD08-4BC2-9FAE-E7FB95F590FF}.Debug|Any CPU.Build.0 = Debug|Any CPU
		{A1634C0C-AD08-4BC2-9FAE-E7FB95F590FF}.Release|Any CPU.ActiveCfg = Release|Any CPU
		{A1634C0C-AD08-4BC2-9FAE-E7FB95F590FF}.Release|Any CPU.Build.0 = Release|Any CPU
		{AB46C28B-2CAD-42F6-9425-653EBE78ACEE}.Debug|Any CPU.ActiveCfg = Debug|Any CPU
		{AB46C28B-2CAD-42F6-9425-653EBE78ACEE}.Debug|Any CPU.Build.0 = Debug|Any CPU
		{AB46C28B-2CAD-42F6-9425-653EBE78ACEE}.Release|Any CPU.ActiveCfg = Release|Any CPU
		{AB46C28B-2CAD-42F6-9425-653EBE78ACEE}.Release|Any CPU.Build.0 = Release|Any CPU
		{C57AA3D9-143C-4A30-A3C8-DD900BCAADA7}.Debug|Any CPU.ActiveCfg = Debug|Any CPU
		{C57AA3D9-143C-4A30-A3C8-DD900BCAADA7}.Debug|Any CPU.Build.0 = Debug|Any CPU
		{C57AA3D9-143C-4A30-A3C8-DD900BCAADA7}.Release|Any CPU.ActiveCfg = Release|Any CPU
		{C57AA3D9-143C-4A30-A3C8-DD900BCAADA7}.Release|Any CPU.Build.0 = Release|Any CPU
		{0B07A5D3-CC21-482D-8E1F-A8FC2DDB1E08}.Debug|Any CPU.ActiveCfg = Debug|Any CPU
		{0B07A5D3-CC21-482D-8E1F-A8FC2DDB1E08}.Debug|Any CPU.Build.0 = Debug|Any CPU
		{0B07A5D3-CC21-482D-8E1F-A8FC2DDB1E08}.Release|Any CPU.ActiveCfg = Release|Any CPU
		{0B07A5D3-CC21-482D-8E1F-A8FC2DDB1E08}.Release|Any CPU.Build.0 = Release|Any CPU
	EndGlobalSection
EndGlobal
